
Microsoft Visual Studio Solution File, Format Version 12.00
# Visual Studio Version 17
VisualStudioVersion = 17.0.32112.339
MinimumVisualStudioVersion = 10.0.40219.1
Project("{2150E333-8FDC-42A3-9474-1A3956D46DE8}") = "src", "src", "{08E76800-3126-4684-A592-18FFAF24D04F}"
EndProject
Project("{2150E333-8FDC-42A3-9474-1A3956D46DE8}") = "Core", "Core", "{13A4C1E7-79F7-42AC-9594-C11CFB15A5F4}"
EndProject
Project("{2150E333-8FDC-42A3-9474-1A3956D46DE8}") = "Infrastructure", "Infrastructure", "{E05F2AD6-ABE6-4D51-A9C7-918C5BE8C309}"
EndProject
Project("{2150E333-8FDC-42A3-9474-1A3956D46DE8}") = "Presentation", "Presentation", "{B38E7479-A422-4714-9943-73D86C229C39}"
EndProject
Project("{9A19103F-16F7-4668-BE54-9A1E7A4F7556}") = "EventsItAcademyGe.WebAPI", "EventsItAcademyGe.WebAPI\EventsItAcademyGe.WebAPI.csproj", "{613D64A6-D3EE-49D0-A02F-2E83966DDAA6}"
EndProject
Project("{9A19103F-16F7-4668-BE54-9A1E7A4F7556}") = "EventsItAcademyGe.Domain", "EventsItAcademyGe.Domain\EventsItAcademyGe.Domain.csproj", "{510D449D-77F4-4F71-954E-715D0620804D}"
EndProject
Project("{9A19103F-16F7-4668-BE54-9A1E7A4F7556}") = "EventsItAcademyGe.Application", "EventsItAcademyGe.Application\EventsItAcademyGe.Application.csproj", "{7DB7E35E-B01D-4AA5-97A4-F575F8AFEBF3}"
EndProject
Project("{9A19103F-16F7-4668-BE54-9A1E7A4F7556}") = "EventsItAcademyGe.Infrastructure", "EventsItAcademyGe.Infrastructure\EventsItAcademyGe.Infrastructure.csproj", "{D236D992-74E5-410F-8429-076EA231285D}"
EndProject
Project("{9A19103F-16F7-4668-BE54-9A1E7A4F7556}") = "EventsItAcademyGe.Persistence", "EventsItAcademyGe.Persistence\EventsItAcademyGe.Persistence.csproj", "{533F2D53-B638-4150-9CBF-781DA1B96101}"
EndProject
Project("{9A19103F-16F7-4668-BE54-9A1E7A4F7556}") = "EventsItAcademyGe.MVC", "EventsItAcademyGe.MVC\EventsItAcademyGe.MVC.csproj", "{F69395A2-5EDC-4ABF-B70C-ECE0908500F9}"
EndProject
Project("{2150E333-8FDC-42A3-9474-1A3956D46DE8}") = "Tests", "Tests", "{9CAF9DA1-13DA-4585-814F-A5CDD875A237}"
EndProject
Project("{FAE04EC0-301F-11D3-BF4B-00C04F79EFBC}") = "ServiceTester", "ServiceTester\ServiceTester.csproj", "{DC58E65E-DC86-4D75-BF99-E9C5E80E7A4F}"
EndProject
Global
	GlobalSection(SolutionConfigurationPlatforms) = preSolution
		Debug|Any CPU = Debug|Any CPU
		Release|Any CPU = Release|Any CPU
	EndGlobalSection
	GlobalSection(ProjectConfigurationPlatforms) = postSolution
		{613D64A6-D3EE-49D0-A02F-2E83966DDAA6}.Debug|Any CPU.ActiveCfg = Debug|Any CPU
		{613D64A6-D3EE-49D0-A02F-2E83966DDAA6}.Debug|Any CPU.Build.0 = Debug|Any CPU
		{613D64A6-D3EE-49D0-A02F-2E83966DDAA6}.Release|Any CPU.ActiveCfg = Release|Any CPU
		{613D64A6-D3EE-49D0-A02F-2E83966DDAA6}.Release|Any CPU.Build.0 = Release|Any CPU
		{510D449D-77F4-4F71-954E-715D0620804D}.Debug|Any CPU.ActiveCfg = Debug|Any CPU
		{510D449D-77F4-4F71-954E-715D0620804D}.Debug|Any CPU.Build.0 = Debug|Any CPU
		{510D449D-77F4-4F71-954E-715D0620804D}.Release|Any CPU.ActiveCfg = Release|Any CPU
		{510D449D-77F4-4F71-954E-715D0620804D}.Release|Any CPU.Build.0 = Release|Any CPU
		{7DB7E35E-B01D-4AA5-97A4-F575F8AFEBF3}.Debug|Any CPU.ActiveCfg = Debug|Any CPU
		{7DB7E35E-B01D-4AA5-97A4-F575F8AFEBF3}.Debug|Any CPU.Build.0 = Debug|Any CPU
		{7DB7E35E-B01D-4AA5-97A4-F575F8AFEBF3}.Release|Any CPU.ActiveCfg = Release|Any CPU
		{7DB7E35E-B01D-4AA5-97A4-F575F8AFEBF3}.Release|Any CPU.Build.0 = Release|Any CPU
		{D236D992-74E5-410F-8429-076EA231285D}.Debug|Any CPU.ActiveCfg = Debug|Any CPU
		{D236D992-74E5-410F-8429-076EA231285D}.Debug|Any CPU.Build.0 = Debug|Any CPU
		{D236D992-74E5-410F-8429-076EA231285D}.Release|Any CPU.ActiveCfg = Release|Any CPU
		{D236D992-74E5-410F-8429-076EA231285D}.Release|Any CPU.Build.0 = Release|Any CPU
		{533F2D53-B638-4150-9CBF-781DA1B96101}.Debug|Any CPU.ActiveCfg = Debug|Any CPU
		{533F2D53-B638-4150-9CBF-781DA1B96101}.Debug|Any CPU.Build.0 = Debug|Any CPU
		{533F2D53-B638-4150-9CBF-781DA1B96101}.Release|Any CPU.ActiveCfg = Release|Any CPU
		{533F2D53-B638-4150-9CBF-781DA1B96101}.Release|Any CPU.Build.0 = Release|Any CPU
		{F69395A2-5EDC-4ABF-B70C-ECE0908500F9}.Debug|Any CPU.ActiveCfg = Debug|Any CPU
		{F69395A2-5EDC-4ABF-B70C-ECE0908500F9}.Debug|Any CPU.Build.0 = Debug|Any CPU
		{F69395A2-5EDC-4ABF-B70C-ECE0908500F9}.Release|Any CPU.ActiveCfg = Release|Any CPU
		{F69395A2-5EDC-4ABF-B70C-ECE0908500F9}.Release|Any CPU.Build.0 = Release|Any CPU
		{DC58E65E-DC86-4D75-BF99-E9C5E80E7A4F}.Debug|Any CPU.ActiveCfg = Debug|Any CPU
		{DC58E65E-DC86-4D75-BF99-E9C5E80E7A4F}.Debug|Any CPU.Build.0 = Debug|Any CPU
		{DC58E65E-DC86-4D75-BF99-E9C5E80E7A4F}.Release|Any CPU.ActiveCfg = Release|Any CPU
		{DC58E65E-DC86-4D75-BF99-E9C5E80E7A4F}.Release|Any CPU.Build.0 = Release|Any CPU
	EndGlobalSection
	GlobalSection(SolutionProperties) = preSolution
		HideSolutionNode = FALSE
	EndGlobalSection
	GlobalSection(NestedProjects) = preSolution
		{13A4C1E7-79F7-42AC-9594-C11CFB15A5F4} = {08E76800-3126-4684-A592-18FFAF24D04F}
		{E05F2AD6-ABE6-4D51-A9C7-918C5BE8C309} = {08E76800-3126-4684-A592-18FFAF24D04F}
		{B38E7479-A422-4714-9943-73D86C229C39} = {08E76800-3126-4684-A592-18FFAF24D04F}
		{613D64A6-D3EE-49D0-A02F-2E83966DDAA6} = {B38E7479-A422-4714-9943-73D86C229C39}
		{510D449D-77F4-4F71-954E-715D0620804D} = {13A4C1E7-79F7-42AC-9594-C11CFB15A5F4}
		{7DB7E35E-B01D-4AA5-97A4-F575F8AFEBF3} = {13A4C1E7-79F7-42AC-9594-C11CFB15A5F4}
		{D236D992-74E5-410F-8429-076EA231285D} = {E05F2AD6-ABE6-4D51-A9C7-918C5BE8C309}
		{533F2D53-B638-4150-9CBF-781DA1B96101} = {E05F2AD6-ABE6-4D51-A9C7-918C5BE8C309}
		{F69395A2-5EDC-4ABF-B70C-ECE0908500F9} = {B38E7479-A422-4714-9943-73D86C229C39}
		{9CAF9DA1-13DA-4585-814F-A5CDD875A237} = {08E76800-3126-4684-A592-18FFAF24D04F}
		{DC58E65E-DC86-4D75-BF99-E9C5E80E7A4F} = {9CAF9DA1-13DA-4585-814F-A5CDD875A237}
	EndGlobalSection
	GlobalSection(ExtensibilityGlobals) = postSolution
		SolutionGuid = {2FE82CF3-0F07-49A7-B536-FCDAF4F508CA}
	EndGlobalSection
EndGlobal
