
Microsoft Visual Studio Solution File, Format Version 12.00
# Visual Studio Version 17
VisualStudioVersion = 17.0.32112.339
MinimumVisualStudioVersion = 10.0.40219.1
Project("{FAE04EC0-301F-11D3-BF4B-00C04F79EFBC}") = "PracticalTask", "PracticalTask\PracticalTask.csproj", "{1F4BA5BC-89EA-4CAB-A4CB-295181807D68}"
EndProject
Global
	GlobalSection(SolutionConfigurationPlatforms) = preSolution
		Debug|Any CPU = Debug|Any CPU
		Release|Any CPU = Release|Any CPU
	EndGlobalSection
	GlobalSection(ProjectConfigurationPlatforms) = postSolution
		{1F4BA5BC-89EA-4CAB-A4CB-295181807D68}.Debug|Any CPU.ActiveCfg = Debug|Any CPU
		{1F4BA5BC-89EA-4CAB-A4CB-295181807D68}.Debug|Any CPU.Build.0 = Debug|Any CPU
		{1F4BA5BC-89EA-4CAB-A4CB-295181807D68}.Release|Any CPU.ActiveCfg = Release|Any CPU
		{1F4BA5BC-89EA-4CAB-A4CB-295181807D68}.Release|Any CPU.Build.0 = Release|Any CPU
	EndGlobalSection
	GlobalSection(SolutionProperties) = preSolution
		HideSolutionNode = FALSE
	EndGlobalSection
	GlobalSection(ExtensibilityGlobals) = postSolution
		SolutionGuid = {010A062C-DC84-432A-835F-8596686F525A}
	EndGlobalSection
EndGlobal
