
Microsoft Visual Studio Solution File, Format Version 12.00
# Visual Studio Version 17
VisualStudioVersion = 17.0.32112.339
MinimumVisualStudioVersion = 10.0.40219.1
Project("{FAE04EC0-301F-11D3-BF4B-00C04F79EFBC}") = "Task1", "Task1\Task1.csproj", "{B746731E-C096-4EC2-8488-EF7AD7D893FB}"
EndProject
Project("{FAE04EC0-301F-11D3-BF4B-00C04F79EFBC}") = "Task2", "Task2\Task2.csproj", "{AB71D5E7-DDE9-4CCD-9EEE-2944BA2CD7DA}"
EndProject
Global
	GlobalSection(SolutionConfigurationPlatforms) = preSolution
		Debug|Any CPU = Debug|Any CPU
		Release|Any CPU = Release|Any CPU
	EndGlobalSection
	GlobalSection(ProjectConfigurationPlatforms) = postSolution
		{B746731E-C096-4EC2-8488-EF7AD7D893FB}.Debug|Any CPU.ActiveCfg = Debug|Any CPU
		{B746731E-C096-4EC2-8488-EF7AD7D893FB}.Debug|Any CPU.Build.0 = Debug|Any CPU
		{B746731E-C096-4EC2-8488-EF7AD7D893FB}.Release|Any CPU.ActiveCfg = Release|Any CPU
		{B746731E-C096-4EC2-8488-EF7AD7D893FB}.Release|Any CPU.Build.0 = Release|Any CPU
		{AB71D5E7-DDE9-4CCD-9EEE-2944BA2CD7DA}.Debug|Any CPU.ActiveCfg = Debug|Any CPU
		{AB71D5E7-DDE9-4CCD-9EEE-2944BA2CD7DA}.Debug|Any CPU.Build.0 = Debug|Any CPU
		{AB71D5E7-DDE9-4CCD-9EEE-2944BA2CD7DA}.Release|Any CPU.ActiveCfg = Release|Any CPU
		{AB71D5E7-DDE9-4CCD-9EEE-2944BA2CD7DA}.Release|Any CPU.Build.0 = Release|Any CPU
	EndGlobalSection
	GlobalSection(SolutionProperties) = preSolution
		HideSolutionNode = FALSE
	EndGlobalSection
	GlobalSection(ExtensibilityGlobals) = postSolution
		SolutionGuid = {D1D4C1C3-0186-4B94-8E85-77FA457FD527}
	EndGlobalSection
EndGlobal
